
Microsoft Visual Studio Solution File, Format Version 12.00
# Visual Studio Version 17
VisualStudioVersion = 17.5.33516.290
MinimumVisualStudioVersion = 10.0.40219.1
Project("{FAE04EC0-301F-11D3-BF4B-00C04F79EFBC}") = "FlutterSignalIR", "FlutterSignalIR.csproj", "{A9C0150B-52F2-418F-9C8B-78814C5B5334}"
EndProject
Global
	GlobalSection(SolutionConfigurationPlatforms) = preSolution
		Debug|Any CPU = Debug|Any CPU
		Release|Any CPU = Release|Any CPU
	EndGlobalSection
	GlobalSection(ProjectConfigurationPlatforms) = postSolution
		{A9C0150B-52F2-418F-9C8B-78814C5B5334}.Debug|Any CPU.ActiveCfg = Debug|Any CPU
		{A9C0150B-52F2-418F-9C8B-78814C5B5334}.Debug|Any CPU.Build.0 = Debug|Any CPU
		{A9C0150B-52F2-418F-9C8B-78814C5B5334}.Release|Any CPU.ActiveCfg = Release|Any CPU
		{A9C0150B-52F2-418F-9C8B-78814C5B5334}.Release|Any CPU.Build.0 = Release|Any CPU
	EndGlobalSection
	GlobalSection(SolutionProperties) = preSolution
		HideSolutionNode = FALSE
	EndGlobalSection
	GlobalSection(ExtensibilityGlobals) = postSolution
		SolutionGuid = {B0EE011C-525A-4C78-9776-5C57627A9E49}
	EndGlobalSection
EndGlobal
